
Microsoft Visual Studio Solution File, Format Version 12.00
# Visual Studio Version 17
VisualStudioVersion = 17.2.32309.498
MinimumVisualStudioVersion = 10.0.40219.1
Project("{9A19103F-16F7-4668-BE54-9A1E7A4F7556}") = "Jackfruit.IncrementalGenerator", "Jackfruit.IncrementalGenerator\Jackfruit.IncrementalGenerator.csproj", "{207E841D-F16F-4E58-8724-AE4D2C2E2CE0}"
EndProject
Project("{9A19103F-16F7-4668-BE54-9A1E7A4F7556}") = "Jackfruit.Tests", "Jackfruit.Tests\Jackfruit.Tests.csproj", "{7662FCAC-7E9B-499F-B8C7-A14D1D6A30DA}"
EndProject
Project("{9A19103F-16F7-4668-BE54-9A1E7A4F7556}") = "Jackfruit.Runtime", "Jackfruit.Runtime\Jackfruit.Runtime.csproj", "{EC75BA93-FC2F-4A6F-8965-2DABE11E1C5A}"
EndProject
Project("{2150E333-8FDC-42A3-9474-1A3956D46DE8}") = "Solution Items", "Solution Items", "{F9C97B07-DEBD-4B37-836F-E4629157B17D}"
	ProjectSection(SolutionItems) = preProject
		.gitignore = .gitignore
		Directory.Build.props = Directory.Build.props
		global.json = global.json
		LICENSE.txt = LICENSE.txt
		NuGet.config = NuGet.config
		README.md = README.md
	EndProjectSection
EndProject
Project("{9A19103F-16F7-4668-BE54-9A1E7A4F7556}") = "Jackfruit.IntegrationTests", "Jackfruit.IntegrationTests\Jackfruit.IntegrationTests.csproj", "{1FED63CC-3664-4488-8645-DF02A5E75860}"
EndProject
Project("{2150E333-8FDC-42A3-9474-1A3956D46DE8}") = ".github", ".github", "{84C752FF-9504-4568-82F5-EED04AAE67F5}"
EndProject
Project("{2150E333-8FDC-42A3-9474-1A3956D46DE8}") = "workflows", "workflows", "{A3F296B1-F789-4E5A-AF56-CF6A63E55304}"
	ProjectSection(SolutionItems) = preProject
		.github\workflows\build.yml = .github\workflows\build.yml
	EndProjectSection
EndProject
Project("{9A19103F-16F7-4668-BE54-9A1E7A4F7556}") = "TestOutputExample", "TestOutputExample\TestOutputExample.csproj", "{104E63F6-E426-4310-B490-79601B118CC3}"
EndProject
Project("{9A19103F-16F7-4668-BE54-9A1E7A4F7556}") = "Jackfruit.CodeOutput", "Jackfruit.CodeOutput\Jackfruit.CodeOutput.csproj", "{478D17C2-25EC-40EB-88AB-E72B34858C98}"
EndProject
Project("{9A19103F-16F7-4668-BE54-9A1E7A4F7556}") = "Jackfruit.Common", "Jackfruit.Common\Jackfruit.Common.csproj", "{1BFC4D35-AB6A-4827-AE00-31E8E470AF14}"
EndProject
Project("{2150E333-8FDC-42A3-9474-1A3956D46DE8}") = "Design", "Design", "{965C814D-9803-4BA0-AEDE-AC5191959368}"
	ProjectSection(SolutionItems) = preProject
		Design\DemoHandlersStarTrek.g.cs = Design\DemoHandlersStarTrek.g.cs
		Design\DemoHandlersStarTrekNextGeneration.g.cs = Design\DemoHandlersStarTrekNextGeneration.g.cs
		Design\DemoHandlersStarTrekNextGenerationDeepSpaceNine.g.cs = Design\DemoHandlersStarTrekNextGenerationDeepSpaceNine.g.cs
		Design\DemoHandlersStarTrekNextGenerationVoyager.g.cs = Design\DemoHandlersStarTrekNextGenerationVoyager.g.cs
		Design\RootCommand.g.cs = Design\RootCommand.g.cs
		Design\RootCommand.partial.g.cs = Design\RootCommand.partial.g.cs
	EndProjectSection
EndProject
Global
	GlobalSection(SolutionConfigurationPlatforms) = preSolution
		Debug|Any CPU = Debug|Any CPU
		Release|Any CPU = Release|Any CPU
	EndGlobalSection
	GlobalSection(ProjectConfigurationPlatforms) = postSolution
		{207E841D-F16F-4E58-8724-AE4D2C2E2CE0}.Debug|Any CPU.ActiveCfg = Debug|Any CPU
		{207E841D-F16F-4E58-8724-AE4D2C2E2CE0}.Debug|Any CPU.Build.0 = Debug|Any CPU
		{207E841D-F16F-4E58-8724-AE4D2C2E2CE0}.Release|Any CPU.ActiveCfg = Release|Any CPU
		{207E841D-F16F-4E58-8724-AE4D2C2E2CE0}.Release|Any CPU.Build.0 = Release|Any CPU
		{7662FCAC-7E9B-499F-B8C7-A14D1D6A30DA}.Debug|Any CPU.ActiveCfg = Debug|Any CPU
		{7662FCAC-7E9B-499F-B8C7-A14D1D6A30DA}.Debug|Any CPU.Build.0 = Debug|Any CPU
		{7662FCAC-7E9B-499F-B8C7-A14D1D6A30DA}.Release|Any CPU.ActiveCfg = Release|Any CPU
		{7662FCAC-7E9B-499F-B8C7-A14D1D6A30DA}.Release|Any CPU.Build.0 = Release|Any CPU
		{EC75BA93-FC2F-4A6F-8965-2DABE11E1C5A}.Debug|Any CPU.ActiveCfg = Debug|Any CPU
		{EC75BA93-FC2F-4A6F-8965-2DABE11E1C5A}.Debug|Any CPU.Build.0 = Debug|Any CPU
		{EC75BA93-FC2F-4A6F-8965-2DABE11E1C5A}.Release|Any CPU.ActiveCfg = Release|Any CPU
		{EC75BA93-FC2F-4A6F-8965-2DABE11E1C5A}.Release|Any CPU.Build.0 = Release|Any CPU
		{1FED63CC-3664-4488-8645-DF02A5E75860}.Debug|Any CPU.ActiveCfg = Debug|Any CPU
		{1FED63CC-3664-4488-8645-DF02A5E75860}.Debug|Any CPU.Build.0 = Debug|Any CPU
		{1FED63CC-3664-4488-8645-DF02A5E75860}.Release|Any CPU.ActiveCfg = Release|Any CPU
		{1FED63CC-3664-4488-8645-DF02A5E75860}.Release|Any CPU.Build.0 = Release|Any CPU
		{104E63F6-E426-4310-B490-79601B118CC3}.Debug|Any CPU.ActiveCfg = Debug|Any CPU
		{104E63F6-E426-4310-B490-79601B118CC3}.Debug|Any CPU.Build.0 = Debug|Any CPU
		{104E63F6-E426-4310-B490-79601B118CC3}.Release|Any CPU.ActiveCfg = Release|Any CPU
		{104E63F6-E426-4310-B490-79601B118CC3}.Release|Any CPU.Build.0 = Release|Any CPU
		{478D17C2-25EC-40EB-88AB-E72B34858C98}.Debug|Any CPU.ActiveCfg = Debug|Any CPU
		{478D17C2-25EC-40EB-88AB-E72B34858C98}.Debug|Any CPU.Build.0 = Debug|Any CPU
		{478D17C2-25EC-40EB-88AB-E72B34858C98}.Release|Any CPU.ActiveCfg = Release|Any CPU
		{478D17C2-25EC-40EB-88AB-E72B34858C98}.Release|Any CPU.Build.0 = Release|Any CPU
		{1BFC4D35-AB6A-4827-AE00-31E8E470AF14}.Debug|Any CPU.ActiveCfg = Debug|Any CPU
		{1BFC4D35-AB6A-4827-AE00-31E8E470AF14}.Debug|Any CPU.Build.0 = Debug|Any CPU
		{1BFC4D35-AB6A-4827-AE00-31E8E470AF14}.Release|Any CPU.ActiveCfg = Release|Any CPU
		{1BFC4D35-AB6A-4827-AE00-31E8E470AF14}.Release|Any CPU.Build.0 = Release|Any CPU
	EndGlobalSection
	GlobalSection(SolutionProperties) = preSolution
		HideSolutionNode = FALSE
	EndGlobalSection
	GlobalSection(NestedProjects) = preSolution
		{84C752FF-9504-4568-82F5-EED04AAE67F5} = {F9C97B07-DEBD-4B37-836F-E4629157B17D}
		{A3F296B1-F789-4E5A-AF56-CF6A63E55304} = {84C752FF-9504-4568-82F5-EED04AAE67F5}
		{965C814D-9803-4BA0-AEDE-AC5191959368} = {F9C97B07-DEBD-4B37-836F-E4629157B17D}
	EndGlobalSection
	GlobalSection(ExtensibilityGlobals) = postSolution
		SolutionGuid = {62F79128-8645-4BF7-B346-AD9C81B06D71}
	EndGlobalSection
EndGlobal
